
Microsoft Visual Studio Solution File, Format Version 12.00
# Visual Studio Version 17
VisualStudioVersion = 17.3.32929.385
MinimumVisualStudioVersion = 10.0.40219.1
Project("{FAE04EC0-301F-11D3-BF4B-00C04F79EFBC}") = "MonteCarlo_Mangetization", "MonteCarlo_Mangetization\MonteCarlo_Mangetization.csproj", "{7BCB0EA7-6F04-45A0-87C0-BAC0736BBF07}"
EndProject
Global
	GlobalSection(SolutionConfigurationPlatforms) = preSolution
		Debug|Any CPU = Debug|Any CPU
		Release|Any CPU = Release|Any CPU
	EndGlobalSection
	GlobalSection(ProjectConfigurationPlatforms) = postSolution
		{7BCB0EA7-6F04-45A0-87C0-BAC0736BBF07}.Debug|Any CPU.ActiveCfg = Debug|Any CPU
		{7BCB0EA7-6F04-45A0-87C0-BAC0736BBF07}.Debug|Any CPU.Build.0 = Debug|Any CPU
		{7BCB0EA7-6F04-45A0-87C0-BAC0736BBF07}.Release|Any CPU.ActiveCfg = Release|Any CPU
		{7BCB0EA7-6F04-45A0-87C0-BAC0736BBF07}.Release|Any CPU.Build.0 = Release|Any CPU
	EndGlobalSection
	GlobalSection(SolutionProperties) = preSolution
		HideSolutionNode = FALSE
	EndGlobalSection
	GlobalSection(ExtensibilityGlobals) = postSolution
		SolutionGuid = {863792E4-5392-4394-BB3D-FE1356943EF2}
	EndGlobalSection
EndGlobal
